
Microsoft Visual Studio Solution File, Format Version 12.00
# Visual Studio Version 16
VisualStudioVersion = 16.0.29609.76
MinimumVisualStudioVersion = 10.0.40219.1
Project("{FAE04EC0-301F-11D3-BF4B-00C04F79EFBC}") = "DemoLibrary", "DemoLibrary\DemoLibrary.csproj", "{E5EF87BC-797A-4271-942D-2922031E87E5}"
EndProject
Project("{FAE04EC0-301F-11D3-BF4B-00C04F79EFBC}") = "ConsoleUI", "ConsoleUI\ConsoleUI.csproj", "{46A1007C-C495-4A9C-AAFC-D786C5CFA395}"
EndProject
Global
	GlobalSection(SolutionConfigurationPlatforms) = preSolution
		Debug|Any CPU = Debug|Any CPU
		Release|Any CPU = Release|Any CPU
	EndGlobalSection
	GlobalSection(ProjectConfigurationPlatforms) = postSolution
		{E5EF87BC-797A-4271-942D-2922031E87E5}.Debug|Any CPU.ActiveCfg = Debug|Any CPU
		{E5EF87BC-797A-4271-942D-2922031E87E5}.Debug|Any CPU.Build.0 = Debug|Any CPU
		{E5EF87BC-797A-4271-942D-2922031E87E5}.Release|Any CPU.ActiveCfg = Release|Any CPU
		{E5EF87BC-797A-4271-942D-2922031E87E5}.Release|Any CPU.Build.0 = Release|Any CPU
		{46A1007C-C495-4A9C-AAFC-D786C5CFA395}.Debug|Any CPU.ActiveCfg = Debug|Any CPU
		{46A1007C-C495-4A9C-AAFC-D786C5CFA395}.Debug|Any CPU.Build.0 = Debug|Any CPU
		{46A1007C-C495-4A9C-AAFC-D786C5CFA395}.Release|Any CPU.ActiveCfg = Release|Any CPU
		{46A1007C-C495-4A9C-AAFC-D786C5CFA395}.Release|Any CPU.Build.0 = Release|Any CPU
	EndGlobalSection
	GlobalSection(SolutionProperties) = preSolution
		HideSolutionNode = FALSE
	EndGlobalSection
	GlobalSection(ExtensibilityGlobals) = postSolution
		SolutionGuid = {B89CB0F4-1A7A-4EAF-891A-4496174B38C0}
	EndGlobalSection
EndGlobal
